
Microsoft Visual Studio Solution File, Format Version 12.00
# Visual Studio Version 17
VisualStudioVersion = 17.4.33213.308
MinimumVisualStudioVersion = 10.0.40219.1
Project("{9A19103F-16F7-4668-BE54-9A1E7A4F7556}") = "Resome", "Resome\Resome.csproj", "{EB8733F1-6511-4F4D-8ED7-37C40FC6CE37}"
EndProject
Global
	GlobalSection(SolutionConfigurationPlatforms) = preSolution
		Debug|Any CPU = Debug|Any CPU
		Release|Any CPU = Release|Any CPU
	EndGlobalSection
	GlobalSection(ProjectConfigurationPlatforms) = postSolution
		{EB8733F1-6511-4F4D-8ED7-37C40FC6CE37}.Debug|Any CPU.ActiveCfg = Debug|Any CPU
		{EB8733F1-6511-4F4D-8ED7-37C40FC6CE37}.Debug|Any CPU.Build.0 = Debug|Any CPU
		{EB8733F1-6511-4F4D-8ED7-37C40FC6CE37}.Release|Any CPU.ActiveCfg = Release|Any CPU
		{EB8733F1-6511-4F4D-8ED7-37C40FC6CE37}.Release|Any CPU.Build.0 = Release|Any CPU
	EndGlobalSection
	GlobalSection(SolutionProperties) = preSolution
		HideSolutionNode = FALSE
	EndGlobalSection
	GlobalSection(ExtensibilityGlobals) = postSolution
		SolutionGuid = {90D3F438-5CB0-432F-9C8B-F7DA2E62BCB5}
	EndGlobalSection
EndGlobal
